
Microsoft Visual Studio Solution File, Format Version 12.00
# Visual Studio Version 17
VisualStudioVersion = 17.0.31611.283
MinimumVisualStudioVersion = 10.0.40219.1
Project("{2150E333-8FDC-42A3-9474-1A3956D46DE8}") = "src", "src", "{004EBEE4-3C39-4952-816A-5D47E7288F67}"
EndProject
Project("{9A19103F-16F7-4668-BE54-9A1E7A4F7556}") = "Assimalign.MachineMigrator", "src\Assimalign.MachineMigrator\Assimalign.MachineMigrator.csproj", "{B460F236-2AF6-40FE-830D-D9291144217C}"
EndProject
Project("{FAE04EC0-301F-11D3-BF4B-00C04F79EFBC}") = "Assimalign.MachineMigrator.Installers", "src\Assimalign.MachineMigrator.Installers\Assimalign.MachineMigrator.Installers.csproj", "{75AA28B4-9CD3-4C91-BBC9-A6A6E37933C4}"
EndProject
Global
	GlobalSection(SolutionConfigurationPlatforms) = preSolution
		Debug|Any CPU = Debug|Any CPU
		Release|Any CPU = Release|Any CPU
	EndGlobalSection
	GlobalSection(ProjectConfigurationPlatforms) = postSolution
		{B460F236-2AF6-40FE-830D-D9291144217C}.Debug|Any CPU.ActiveCfg = Debug|Any CPU
		{B460F236-2AF6-40FE-830D-D9291144217C}.Debug|Any CPU.Build.0 = Debug|Any CPU
		{B460F236-2AF6-40FE-830D-D9291144217C}.Debug|Any CPU.Deploy.0 = Debug|Any CPU
		{B460F236-2AF6-40FE-830D-D9291144217C}.Release|Any CPU.ActiveCfg = Release|Any CPU
		{B460F236-2AF6-40FE-830D-D9291144217C}.Release|Any CPU.Build.0 = Release|Any CPU
		{B460F236-2AF6-40FE-830D-D9291144217C}.Release|Any CPU.Deploy.0 = Release|Any CPU
		{75AA28B4-9CD3-4C91-BBC9-A6A6E37933C4}.Debug|Any CPU.ActiveCfg = Debug|Any CPU
		{75AA28B4-9CD3-4C91-BBC9-A6A6E37933C4}.Debug|Any CPU.Build.0 = Debug|Any CPU
		{75AA28B4-9CD3-4C91-BBC9-A6A6E37933C4}.Release|Any CPU.ActiveCfg = Release|Any CPU
		{75AA28B4-9CD3-4C91-BBC9-A6A6E37933C4}.Release|Any CPU.Build.0 = Release|Any CPU
	EndGlobalSection
	GlobalSection(SolutionProperties) = preSolution
		HideSolutionNode = FALSE
	EndGlobalSection
	GlobalSection(NestedProjects) = preSolution
		{B460F236-2AF6-40FE-830D-D9291144217C} = {004EBEE4-3C39-4952-816A-5D47E7288F67}
		{75AA28B4-9CD3-4C91-BBC9-A6A6E37933C4} = {004EBEE4-3C39-4952-816A-5D47E7288F67}
	EndGlobalSection
	GlobalSection(ExtensibilityGlobals) = postSolution
		SolutionGuid = {61F7FB11-1E47-470C-91E2-47F8143E1572}
	EndGlobalSection
EndGlobal
